
Microsoft Visual Studio Solution File, Format Version 12.00
# Visual Studio Version 16
VisualStudioVersion = 16.0.31729.503
MinimumVisualStudioVersion = 10.0.40219.1
Project("{2150E333-8FDC-42A3-9474-1A3956D46DE8}") = "src", "src", "{01DB0DA2-07D3-44EB-A5C1-FCC0650E1E65}"
EndProject
Project("{FAE04EC0-301F-11D3-BF4B-00C04F79EFBC}") = "Tanker.Mobile", "Tanker.Mobile\Tanker.Mobile\Tanker.Mobile.csproj", "{4C64339E-1DB7-429F-A35F-1269B7B92B93}"
EndProject
Project("{FAE04EC0-301F-11D3-BF4B-00C04F79EFBC}") = "Tanker.Mobile.Android", "Tanker.Mobile\Tanker.Mobile.Android\Tanker.Mobile.Android.csproj", "{3AEBE7A5-042F-4243-9968-51DEC5D83774}"
EndProject
Project("{FAE04EC0-301F-11D3-BF4B-00C04F79EFBC}") = "Tanker.Mobile.iOS", "Tanker.Mobile\Tanker.Mobile.iOS\Tanker.Mobile.iOS.csproj", "{5705B5EE-E050-49D2-8CE6-8233EADA9347}"
EndProject
Project("{FAE04EC0-301F-11D3-BF4B-00C04F79EFBC}") = "Tanker.Mobile.Core", "Tanker.Mobile.Core\Tanker.Mobile.Core.csproj", "{CD4196A3-CFAD-4B09-9129-C36716E8D824}"
EndProject
Project("{FAE04EC0-301F-11D3-BF4B-00C04F79EFBC}") = "Tanker.Mobile.Infrastructure", "Tanker.Mobile.Infrastructure\Tanker.Mobile.Infrastructure.csproj", "{2F73A21E-E7E3-46FA-ABFE-E83FDD6604B9}"
EndProject
Global
	GlobalSection(SolutionConfigurationPlatforms) = preSolution
		Ad-Hoc|Any CPU = Ad-Hoc|Any CPU
		Ad-Hoc|iPhone = Ad-Hoc|iPhone
		Ad-Hoc|iPhoneSimulator = Ad-Hoc|iPhoneSimulator
		AppStore|Any CPU = AppStore|Any CPU
		AppStore|iPhone = AppStore|iPhone
		AppStore|iPhoneSimulator = AppStore|iPhoneSimulator
		Debug|Any CPU = Debug|Any CPU
		Debug|iPhone = Debug|iPhone
		Debug|iPhoneSimulator = Debug|iPhoneSimulator
		Release|Any CPU = Release|Any CPU
		Release|iPhone = Release|iPhone
		Release|iPhoneSimulator = Release|iPhoneSimulator
	EndGlobalSection
	GlobalSection(ProjectConfigurationPlatforms) = postSolution
		{4C64339E-1DB7-429F-A35F-1269B7B92B93}.Ad-Hoc|Any CPU.ActiveCfg = Debug|Any CPU
		{4C64339E-1DB7-429F-A35F-1269B7B92B93}.Ad-Hoc|Any CPU.Build.0 = Debug|Any CPU
		{4C64339E-1DB7-429F-A35F-1269B7B92B93}.Ad-Hoc|iPhone.ActiveCfg = Debug|Any CPU
		{4C64339E-1DB7-429F-A35F-1269B7B92B93}.Ad-Hoc|iPhone.Build.0 = Debug|Any CPU
		{4C64339E-1DB7-429F-A35F-1269B7B92B93}.Ad-Hoc|iPhoneSimulator.ActiveCfg = Debug|Any CPU
		{4C64339E-1DB7-429F-A35F-1269B7B92B93}.Ad-Hoc|iPhoneSimulator.Build.0 = Debug|Any CPU
		{4C64339E-1DB7-429F-A35F-1269B7B92B93}.AppStore|Any CPU.ActiveCfg = Debug|Any CPU
		{4C64339E-1DB7-429F-A35F-1269B7B92B93}.AppStore|Any CPU.Build.0 = Debug|Any CPU
		{4C64339E-1DB7-429F-A35F-1269B7B92B93}.AppStore|iPhone.ActiveCfg = Debug|Any CPU
		{4C64339E-1DB7-429F-A35F-1269B7B92B93}.AppStore|iPhone.Build.0 = Debug|Any CPU
		{4C64339E-1DB7-429F-A35F-1269B7B92B93}.AppStore|iPhoneSimulator.ActiveCfg = Debug|Any CPU
		{4C64339E-1DB7-429F-A35F-1269B7B92B93}.AppStore|iPhoneSimulator.Build.0 = Debug|Any CPU
		{4C64339E-1DB7-429F-A35F-1269B7B92B93}.Debug|Any CPU.ActiveCfg = Debug|Any CPU
		{4C64339E-1DB7-429F-A35F-1269B7B92B93}.Debug|Any CPU.Build.0 = Debug|Any CPU
		{4C64339E-1DB7-429F-A35F-1269B7B92B93}.Debug|iPhone.ActiveCfg = Debug|Any CPU
		{4C64339E-1DB7-429F-A35F-1269B7B92B93}.Debug|iPhone.Build.0 = Debug|Any CPU
		{4C64339E-1DB7-429F-A35F-1269B7B92B93}.Debug|iPhoneSimulator.ActiveCfg = Debug|Any CPU
		{4C64339E-1DB7-429F-A35F-1269B7B92B93}.Debug|iPhoneSimulator.Build.0 = Debug|Any CPU
		{4C64339E-1DB7-429F-A35F-1269B7B92B93}.Release|Any CPU.ActiveCfg = Release|Any CPU
		{4C64339E-1DB7-429F-A35F-1269B7B92B93}.Release|Any CPU.Build.0 = Release|Any CPU
		{4C64339E-1DB7-429F-A35F-1269B7B92B93}.Release|iPhone.ActiveCfg = Release|Any CPU
		{4C64339E-1DB7-429F-A35F-1269B7B92B93}.Release|iPhone.Build.0 = Release|Any CPU
		{4C64339E-1DB7-429F-A35F-1269B7B92B93}.Release|iPhoneSimulator.ActiveCfg = Release|Any CPU
		{4C64339E-1DB7-429F-A35F-1269B7B92B93}.Release|iPhoneSimulator.Build.0 = Release|Any CPU
		{3AEBE7A5-042F-4243-9968-51DEC5D83774}.Ad-Hoc|Any CPU.ActiveCfg = Debug|Any CPU
		{3AEBE7A5-042F-4243-9968-51DEC5D83774}.Ad-Hoc|Any CPU.Build.0 = Debug|Any CPU
		{3AEBE7A5-042F-4243-9968-51DEC5D83774}.Ad-Hoc|Any CPU.Deploy.0 = Debug|Any CPU
		{3AEBE7A5-042F-4243-9968-51DEC5D83774}.Ad-Hoc|iPhone.ActiveCfg = Debug|Any CPU
		{3AEBE7A5-042F-4243-9968-51DEC5D83774}.Ad-Hoc|iPhone.Build.0 = Debug|Any CPU
		{3AEBE7A5-042F-4243-9968-51DEC5D83774}.Ad-Hoc|iPhone.Deploy.0 = Debug|Any CPU
		{3AEBE7A5-042F-4243-9968-51DEC5D83774}.Ad-Hoc|iPhoneSimulator.ActiveCfg = Debug|Any CPU
		{3AEBE7A5-042F-4243-9968-51DEC5D83774}.Ad-Hoc|iPhoneSimulator.Build.0 = Debug|Any CPU
		{3AEBE7A5-042F-4243-9968-51DEC5D83774}.Ad-Hoc|iPhoneSimulator.Deploy.0 = Debug|Any CPU
		{3AEBE7A5-042F-4243-9968-51DEC5D83774}.AppStore|Any CPU.ActiveCfg = Debug|Any CPU
		{3AEBE7A5-042F-4243-9968-51DEC5D83774}.AppStore|Any CPU.Build.0 = Debug|Any CPU
		{3AEBE7A5-042F-4243-9968-51DEC5D83774}.AppStore|Any CPU.Deploy.0 = Debug|Any CPU
		{3AEBE7A5-042F-4243-9968-51DEC5D83774}.AppStore|iPhone.ActiveCfg = Debug|Any CPU
		{3AEBE7A5-042F-4243-9968-51DEC5D83774}.AppStore|iPhone.Build.0 = Debug|Any CPU
		{3AEBE7A5-042F-4243-9968-51DEC5D83774}.AppStore|iPhone.Deploy.0 = Debug|Any CPU
		{3AEBE7A5-042F-4243-9968-51DEC5D83774}.AppStore|iPhoneSimulator.ActiveCfg = Debug|Any CPU
		{3AEBE7A5-042F-4243-9968-51DEC5D83774}.AppStore|iPhoneSimulator.Build.0 = Debug|Any CPU
		{3AEBE7A5-042F-4243-9968-51DEC5D83774}.AppStore|iPhoneSimulator.Deploy.0 = Debug|Any CPU
		{3AEBE7A5-042F-4243-9968-51DEC5D83774}.Debug|Any CPU.ActiveCfg = Debug|Any CPU
		{3AEBE7A5-042F-4243-9968-51DEC5D83774}.Debug|Any CPU.Build.0 = Debug|Any CPU
		{3AEBE7A5-042F-4243-9968-51DEC5D83774}.Debug|Any CPU.Deploy.0 = Debug|Any CPU
		{3AEBE7A5-042F-4243-9968-51DEC5D83774}.Debug|iPhone.ActiveCfg = Debug|Any CPU
		{3AEBE7A5-042F-4243-9968-51DEC5D83774}.Debug|iPhone.Build.0 = Debug|Any CPU
		{3AEBE7A5-042F-4243-9968-51DEC5D83774}.Debug|iPhone.Deploy.0 = Debug|Any CPU
		{3AEBE7A5-042F-4243-9968-51DEC5D83774}.Debug|iPhoneSimulator.ActiveCfg = Debug|Any CPU
		{3AEBE7A5-042F-4243-9968-51DEC5D83774}.Debug|iPhoneSimulator.Build.0 = Debug|Any CPU
		{3AEBE7A5-042F-4243-9968-51DEC5D83774}.Debug|iPhoneSimulator.Deploy.0 = Debug|Any CPU
		{3AEBE7A5-042F-4243-9968-51DEC5D83774}.Release|Any CPU.ActiveCfg = Release|Any CPU
		{3AEBE7A5-042F-4243-9968-51DEC5D83774}.Release|Any CPU.Build.0 = Release|Any CPU
		{3AEBE7A5-042F-4243-9968-51DEC5D83774}.Release|Any CPU.Deploy.0 = Release|Any CPU
		{3AEBE7A5-042F-4243-9968-51DEC5D83774}.Release|iPhone.ActiveCfg = Release|Any CPU
		{3AEBE7A5-042F-4243-9968-51DEC5D83774}.Release|iPhone.Build.0 = Release|Any CPU
		{3AEBE7A5-042F-4243-9968-51DEC5D83774}.Release|iPhone.Deploy.0 = Release|Any CPU
		{3AEBE7A5-042F-4243-9968-51DEC5D83774}.Release|iPhoneSimulator.ActiveCfg = Release|Any CPU
		{3AEBE7A5-042F-4243-9968-51DEC5D83774}.Release|iPhoneSimulator.Build.0 = Release|Any CPU
		{3AEBE7A5-042F-4243-9968-51DEC5D83774}.Release|iPhoneSimulator.Deploy.0 = Release|Any CPU
		{5705B5EE-E050-49D2-8CE6-8233EADA9347}.Ad-Hoc|Any CPU.ActiveCfg = Ad-Hoc|iPhoneSimulator
		{5705B5EE-E050-49D2-8CE6-8233EADA9347}.Ad-Hoc|iPhone.ActiveCfg = Ad-Hoc|iPhone
		{5705B5EE-E050-49D2-8CE6-8233EADA9347}.Ad-Hoc|iPhone.Build.0 = Ad-Hoc|iPhone
		{5705B5EE-E050-49D2-8CE6-8233EADA9347}.Ad-Hoc|iPhoneSimulator.ActiveCfg = Ad-Hoc|iPhoneSimulator
		{5705B5EE-E050-49D2-8CE6-8233EADA9347}.Ad-Hoc|iPhoneSimulator.Build.0 = Ad-Hoc|iPhoneSimulator
		{5705B5EE-E050-49D2-8CE6-8233EADA9347}.AppStore|Any CPU.ActiveCfg = AppStore|iPhoneSimulator
		{5705B5EE-E050-49D2-8CE6-8233EADA9347}.AppStore|iPhone.ActiveCfg = AppStore|iPhone
		{5705B5EE-E050-49D2-8CE6-8233EADA9347}.AppStore|iPhone.Build.0 = AppStore|iPhone
		{5705B5EE-E050-49D2-8CE6-8233EADA9347}.AppStore|iPhoneSimulator.ActiveCfg = AppStore|iPhoneSimulator
		{5705B5EE-E050-49D2-8CE6-8233EADA9347}.AppStore|iPhoneSimulator.Build.0 = AppStore|iPhoneSimulator
		{5705B5EE-E050-49D2-8CE6-8233EADA9347}.Debug|Any CPU.ActiveCfg = Debug|iPhoneSimulator
		{5705B5EE-E050-49D2-8CE6-8233EADA9347}.Debug|iPhone.ActiveCfg = Debug|iPhone
		{5705B5EE-E050-49D2-8CE6-8233EADA9347}.Debug|iPhone.Build.0 = Debug|iPhone
		{5705B5EE-E050-49D2-8CE6-8233EADA9347}.Debug|iPhoneSimulator.ActiveCfg = Debug|iPhoneSimulator
		{5705B5EE-E050-49D2-8CE6-8233EADA9347}.Debug|iPhoneSimulator.Build.0 = Debug|iPhoneSimulator
		{5705B5EE-E050-49D2-8CE6-8233EADA9347}.Release|Any CPU.ActiveCfg = Release|iPhoneSimulator
		{5705B5EE-E050-49D2-8CE6-8233EADA9347}.Release|iPhone.ActiveCfg = Release|iPhone
		{5705B5EE-E050-49D2-8CE6-8233EADA9347}.Release|iPhone.Build.0 = Release|iPhone
		{5705B5EE-E050-49D2-8CE6-8233EADA9347}.Release|iPhoneSimulator.ActiveCfg = Release|iPhoneSimulator
		{5705B5EE-E050-49D2-8CE6-8233EADA9347}.Release|iPhoneSimulator.Build.0 = Release|iPhoneSimulator
		{CD4196A3-CFAD-4B09-9129-C36716E8D824}.Ad-Hoc|Any CPU.ActiveCfg = Debug|Any CPU
		{CD4196A3-CFAD-4B09-9129-C36716E8D824}.Ad-Hoc|Any CPU.Build.0 = Debug|Any CPU
		{CD4196A3-CFAD-4B09-9129-C36716E8D824}.Ad-Hoc|iPhone.ActiveCfg = Debug|Any CPU
		{CD4196A3-CFAD-4B09-9129-C36716E8D824}.Ad-Hoc|iPhone.Build.0 = Debug|Any CPU
		{CD4196A3-CFAD-4B09-9129-C36716E8D824}.Ad-Hoc|iPhoneSimulator.ActiveCfg = Debug|Any CPU
		{CD4196A3-CFAD-4B09-9129-C36716E8D824}.Ad-Hoc|iPhoneSimulator.Build.0 = Debug|Any CPU
		{CD4196A3-CFAD-4B09-9129-C36716E8D824}.AppStore|Any CPU.ActiveCfg = Debug|Any CPU
		{CD4196A3-CFAD-4B09-9129-C36716E8D824}.AppStore|Any CPU.Build.0 = Debug|Any CPU
		{CD4196A3-CFAD-4B09-9129-C36716E8D824}.AppStore|iPhone.ActiveCfg = Debug|Any CPU
		{CD4196A3-CFAD-4B09-9129-C36716E8D824}.AppStore|iPhone.Build.0 = Debug|Any CPU
		{CD4196A3-CFAD-4B09-9129-C36716E8D824}.AppStore|iPhoneSimulator.ActiveCfg = Debug|Any CPU
		{CD4196A3-CFAD-4B09-9129-C36716E8D824}.AppStore|iPhoneSimulator.Build.0 = Debug|Any CPU
		{CD4196A3-CFAD-4B09-9129-C36716E8D824}.Debug|Any CPU.ActiveCfg = Debug|Any CPU
		{CD4196A3-CFAD-4B09-9129-C36716E8D824}.Debug|Any CPU.Build.0 = Debug|Any CPU
		{CD4196A3-CFAD-4B09-9129-C36716E8D824}.Debug|iPhone.ActiveCfg = Debug|Any CPU
		{CD4196A3-CFAD-4B09-9129-C36716E8D824}.Debug|iPhone.Build.0 = Debug|Any CPU
		{CD4196A3-CFAD-4B09-9129-C36716E8D824}.Debug|iPhoneSimulator.ActiveCfg = Debug|Any CPU
		{CD4196A3-CFAD-4B09-9129-C36716E8D824}.Debug|iPhoneSimulator.Build.0 = Debug|Any CPU
		{CD4196A3-CFAD-4B09-9129-C36716E8D824}.Release|Any CPU.ActiveCfg = Release|Any CPU
		{CD4196A3-CFAD-4B09-9129-C36716E8D824}.Release|Any CPU.Build.0 = Release|Any CPU
		{CD4196A3-CFAD-4B09-9129-C36716E8D824}.Release|iPhone.ActiveCfg = Release|Any CPU
		{CD4196A3-CFAD-4B09-9129-C36716E8D824}.Release|iPhone.Build.0 = Release|Any CPU
		{CD4196A3-CFAD-4B09-9129-C36716E8D824}.Release|iPhoneSimulator.ActiveCfg = Release|Any CPU
		{CD4196A3-CFAD-4B09-9129-C36716E8D824}.Release|iPhoneSimulator.Build.0 = Release|Any CPU
		{2F73A21E-E7E3-46FA-ABFE-E83FDD6604B9}.Ad-Hoc|Any CPU.ActiveCfg = Debug|Any CPU
		{2F73A21E-E7E3-46FA-ABFE-E83FDD6604B9}.Ad-Hoc|Any CPU.Build.0 = Debug|Any CPU
		{2F73A21E-E7E3-46FA-ABFE-E83FDD6604B9}.Ad-Hoc|iPhone.ActiveCfg = Debug|Any CPU
		{2F73A21E-E7E3-46FA-ABFE-E83FDD6604B9}.Ad-Hoc|iPhone.Build.0 = Debug|Any CPU
		{2F73A21E-E7E3-46FA-ABFE-E83FDD6604B9}.Ad-Hoc|iPhoneSimulator.ActiveCfg = Debug|Any CPU
		{2F73A21E-E7E3-46FA-ABFE-E83FDD6604B9}.Ad-Hoc|iPhoneSimulator.Build.0 = Debug|Any CPU
		{2F73A21E-E7E3-46FA-ABFE-E83FDD6604B9}.AppStore|Any CPU.ActiveCfg = Debug|Any CPU
		{2F73A21E-E7E3-46FA-ABFE-E83FDD6604B9}.AppStore|Any CPU.Build.0 = Debug|Any CPU
		{2F73A21E-E7E3-46FA-ABFE-E83FDD6604B9}.AppStore|iPhone.ActiveCfg = Debug|Any CPU
		{2F73A21E-E7E3-46FA-ABFE-E83FDD6604B9}.AppStore|iPhone.Build.0 = Debug|Any CPU
		{2F73A21E-E7E3-46FA-ABFE-E83FDD6604B9}.AppStore|iPhoneSimulator.ActiveCfg = Debug|Any CPU
		{2F73A21E-E7E3-46FA-ABFE-E83FDD6604B9}.AppStore|iPhoneSimulator.Build.0 = Debug|Any CPU
		{2F73A21E-E7E3-46FA-ABFE-E83FDD6604B9}.Debug|Any CPU.ActiveCfg = Debug|Any CPU
		{2F73A21E-E7E3-46FA-ABFE-E83FDD6604B9}.Debug|Any CPU.Build.0 = Debug|Any CPU
		{2F73A21E-E7E3-46FA-ABFE-E83FDD6604B9}.Debug|iPhone.ActiveCfg = Debug|Any CPU
		{2F73A21E-E7E3-46FA-ABFE-E83FDD6604B9}.Debug|iPhone.Build.0 = Debug|Any CPU
		{2F73A21E-E7E3-46FA-ABFE-E83FDD6604B9}.Debug|iPhoneSimulator.ActiveCfg = Debug|Any CPU
		{2F73A21E-E7E3-46FA-ABFE-E83FDD6604B9}.Debug|iPhoneSimulator.Build.0 = Debug|Any CPU
		{2F73A21E-E7E3-46FA-ABFE-E83FDD6604B9}.Release|Any CPU.ActiveCfg = Release|Any CPU
		{2F73A21E-E7E3-46FA-ABFE-E83FDD6604B9}.Release|Any CPU.Build.0 = Release|Any CPU
		{2F73A21E-E7E3-46FA-ABFE-E83FDD6604B9}.Release|iPhone.ActiveCfg = Release|Any CPU
		{2F73A21E-E7E3-46FA-ABFE-E83FDD6604B9}.Release|iPhone.Build.0 = Release|Any CPU
		{2F73A21E-E7E3-46FA-ABFE-E83FDD6604B9}.Release|iPhoneSimulator.ActiveCfg = Release|Any CPU
		{2F73A21E-E7E3-46FA-ABFE-E83FDD6604B9}.Release|iPhoneSimulator.Build.0 = Release|Any CPU
	EndGlobalSection
	GlobalSection(SolutionProperties) = preSolution
		HideSolutionNode = FALSE
	EndGlobalSection
	GlobalSection(NestedProjects) = preSolution
		{4C64339E-1DB7-429F-A35F-1269B7B92B93} = {01DB0DA2-07D3-44EB-A5C1-FCC0650E1E65}
		{3AEBE7A5-042F-4243-9968-51DEC5D83774} = {01DB0DA2-07D3-44EB-A5C1-FCC0650E1E65}
		{5705B5EE-E050-49D2-8CE6-8233EADA9347} = {01DB0DA2-07D3-44EB-A5C1-FCC0650E1E65}
		{CD4196A3-CFAD-4B09-9129-C36716E8D824} = {01DB0DA2-07D3-44EB-A5C1-FCC0650E1E65}
		{2F73A21E-E7E3-46FA-ABFE-E83FDD6604B9} = {01DB0DA2-07D3-44EB-A5C1-FCC0650E1E65}
	EndGlobalSection
	GlobalSection(ExtensibilityGlobals) = postSolution
		SolutionGuid = {E0505215-7A75-4CFF-8E6C-3B7D9DE89B02}
	EndGlobalSection
EndGlobal
